
Microsoft Visual Studio Solution File, Format Version 12.00
# Visual Studio 2013
VisualStudioVersion = 12.0.21005.1
MinimumVisualStudioVersion = 10.0.40219.1
Project("{FAE04EC0-301F-11D3-BF4B-00C04F79EFBC}") = "EngageLocator", "EngageLocator.csproj", "{B001E2F2-72ED-49F6-93E7-D0819D799075}"
EndProject
Project("{FAE04EC0-301F-11D3-BF4B-00C04F79EFBC}") = "LumenWorks.Framework.IO", "CsvReader\LumenWorks.Framework.IO\LumenWorks.Framework.IO.csproj", "{8EBD24FC-80F8-46F2-B0EF-F2065FE823C0}"
EndProject
Global
	GlobalSection(SolutionConfigurationPlatforms) = preSolution
		Debug|Any CPU = Debug|Any CPU
		Release|Any CPU = Release|Any CPU
	EndGlobalSection
	GlobalSection(ProjectConfigurationPlatforms) = postSolution
		{B001E2F2-72ED-49F6-93E7-D0819D799075}.Debug|Any CPU.ActiveCfg = Debug|Any CPU
		{B001E2F2-72ED-49F6-93E7-D0819D799075}.Debug|Any CPU.Build.0 = Debug|Any CPU
		{B001E2F2-72ED-49F6-93E7-D0819D799075}.Release|Any CPU.ActiveCfg = Release|Any CPU
		{B001E2F2-72ED-49F6-93E7-D0819D799075}.Release|Any CPU.Build.0 = Release|Any CPU
		{8EBD24FC-80F8-46F2-B0EF-F2065FE823C0}.Debug|Any CPU.ActiveCfg = Debug|Any CPU
		{8EBD24FC-80F8-46F2-B0EF-F2065FE823C0}.Debug|Any CPU.Build.0 = Debug|Any CPU
		{8EBD24FC-80F8-46F2-B0EF-F2065FE823C0}.Release|Any CPU.ActiveCfg = Release|Any CPU
		{8EBD24FC-80F8-46F2-B0EF-F2065FE823C0}.Release|Any CPU.Build.0 = Release|Any CPU
	EndGlobalSection
	GlobalSection(SolutionProperties) = preSolution
		HideSolutionNode = FALSE
	EndGlobalSection
EndGlobal
